
Microsoft Visual Studio Solution File, Format Version 12.00
# Visual Studio 2013
VisualStudioVersion = 12.0.30723.0
MinimumVisualStudioVersion = 10.0.40219.1
Project("{FAE04EC0-301F-11D3-BF4B-00C04F79EFBC}") = "ActiveRights", "ActiveRights\ActiveRights.csproj", "{CC2D35EE-5660-49C4-9B5C-30977C8A50F8}"
EndProject
Project("{FAE04EC0-301F-11D3-BF4B-00C04F79EFBC}") = "ActiveRights.Tests", "ActiveRights.Tests\ActiveRights.Tests.csproj", "{78F7B138-6AF4-44DF-B59F-F7E3C24883ED}"
EndProject
Global
	GlobalSection(SolutionConfigurationPlatforms) = preSolution
		Debug|Any CPU = Debug|Any CPU
		Release|Any CPU = Release|Any CPU
	EndGlobalSection
	GlobalSection(ProjectConfigurationPlatforms) = postSolution
		{CC2D35EE-5660-49C4-9B5C-30977C8A50F8}.Debug|Any CPU.ActiveCfg = Debug|Any CPU
		{CC2D35EE-5660-49C4-9B5C-30977C8A50F8}.Debug|Any CPU.Build.0 = Debug|Any CPU
		{CC2D35EE-5660-49C4-9B5C-30977C8A50F8}.Release|Any CPU.ActiveCfg = Release|Any CPU
		{CC2D35EE-5660-49C4-9B5C-30977C8A50F8}.Release|Any CPU.Build.0 = Release|Any CPU
		{78F7B138-6AF4-44DF-B59F-F7E3C24883ED}.Debug|Any CPU.ActiveCfg = Debug|Any CPU
		{78F7B138-6AF4-44DF-B59F-F7E3C24883ED}.Debug|Any CPU.Build.0 = Debug|Any CPU
		{78F7B138-6AF4-44DF-B59F-F7E3C24883ED}.Release|Any CPU.ActiveCfg = Release|Any CPU
		{78F7B138-6AF4-44DF-B59F-F7E3C24883ED}.Release|Any CPU.Build.0 = Release|Any CPU
	EndGlobalSection
	GlobalSection(SolutionProperties) = preSolution
		HideSolutionNode = FALSE
	EndGlobalSection
EndGlobal
